// !$*UTF8*$!
{
	archiveVersion = 1;
	classes = {
	};
	objectVersion = 50;
	objects = {

/* Begin PBXBuildFile section */
		18ED539122FC909A00293CCF /* AppDelegate.swift in Sources */ = {isa = PBXBuildFile; fileRef = 18ED539022FC909A00293CCF /* AppDelegate.swift */; };
		18ED539322FC909A00293CCF /* ViewController.swift in Sources */ = {isa = PBXBuildFile; fileRef = 18ED539222FC909A00293CCF /* ViewController.swift */; };
		18ED539622FC909A00293CCF /* Main.storyboard in Resources */ = {isa = PBXBuildFile; fileRef = 18ED539422FC909A00293CCF /* Main.storyboard */; };
		18ED539822FC909D00293CCF /* Assets.xcassets in Resources */ = {isa = PBXBuildFile; fileRef = 18ED539722FC909D00293CCF /* Assets.xcassets */; };
		18ED539B22FC909D00293CCF /* LaunchScreen.storyboard in Resources */ = {isa = PBXBuildFile; fileRef = 18ED539922FC909D00293CCF /* LaunchScreen.storyboard */; };
		18ED53A622FC909D00293CCF /* actionsandoutletsTests.swift in Sources */ = {isa = PBXBuildFile; fileRef = 18ED53A522FC909D00293CCF /* actionsandoutletsTests.swift */; };
		18ED53B122FC909D00293CCF /* actionsandoutletsUITests.swift in Sources */ = {isa = PBXBuildFile; fileRef = 18ED53B022FC909D00293CCF /* actionsandoutletsUITests.swift */; };
/* End PBXBuildFile section */

/* Begin PBXContainerItemProxy section */
		18ED53A222FC909D00293CCF /* PBXContainerItemProxy */ = {
			isa = PBXContainerItemProxy;
			containerPortal = 18ED538522FC909A00293CCF /* Project object */;
			proxyType = 1;
			remoteGlobalIDString = 18ED538C22FC909A00293CCF;
			remoteInfo = actionsandoutlets;
		};
		18ED53AD22FC909D00293CCF /* PBXContainerItemProxy */ = {
			isa = PBXContainerItemProxy;
			containerPortal = 18ED538522FC909A00293CCF /* Project object */;
			proxyType = 1;
			remoteGlobalIDString = 18ED538C22FC909A00293CCF;
			remoteInfo = actionsandoutlets;
		};
/* End PBXContainerItemProxy section */

/* Begin PBXFileReference section */
		18ED538D22FC909A00293CCF /* actionsandoutlets.app */ = {isa = PBXFileReference; explicitFileType = wrapper.application; includeInIndex = 0; path = actionsandoutlets.app; sourceTree = BUILT_PRODUCTS_DIR; };
		18ED539022FC909A00293CCF /* AppDelegate.swift */ = {isa = PBXFileReference; lastKnownFileType = sourcecode.swift; path = AppDelegate.swift; sourceTree = "<group>"; };
		18ED539222FC909A00293CCF /* ViewController.swift */ = {isa = PBXFileReference; lastKnownFileType = sourcecode.swift; path = ViewController.swift; sourceTree = "<group>"; };
		18ED539522FC909A00293CCF /* Base */ = {isa = PBXFileReference; lastKnownFileType = file.storyboard; name = Base; path = Base.lproj/Main.storyboard; sourceTree = "<group>"; };
		18ED539722FC909D00293CCF /* Assets.xcassets */ = {isa = PBXFileReference; lastKnownFileType = folder.assetcatalog; path = Assets.xcassets; sourceTree = "<group>"; };
		18ED539A22FC909D00293CCF /* Base */ = {isa = PBXFileReference; lastKnownFileType = file.storyboard; name = Base; path = Base.lproj/LaunchScreen.storyboard; sourceTree = "<group>"; };
		18ED539C22FC909D00293CCF /* Info.plist */ = {isa = PBXFileReference; lastKnownFileType = text.plist.xml; path = Info.plist; sourceTree = "<group>"; };
		18ED53A122FC909D00293CCF /* actionsandoutletsTests.xctest */ = {isa = PBXFileReference; explicitFileType = wrapper.cfbundle; includeInIndex = 0; path = actionsandoutletsTests.xctest; sourceTree = BUILT_PRODUCTS_DIR; };
		18ED53A522FC909D00293CCF /* actionsandoutletsTests.swift */ = {isa = PBXFileReference; lastKnownFileType = sourcecode.swift; path = actionsandoutletsTests.swift; sourceTree = "<group>"; };
		18ED53A722FC909D00293CCF /* Info.plist */ = {isa = PBXFileReference; lastKnownFileType = text.plist.xml; path = Info.plist; sourceTree = "<group>"; };
		18ED53AC22FC909D00293CCF /* actionsandoutletsUITests.xctest */ = {isa = PBXFileReference; explicitFileType = wrapper.cfbundle; includeInIndex = 0; path = actionsandoutletsUITests.xctest; sourceTree = BUILT_PRODUCTS_DIR; };
		18ED53B022FC909D00293CCF /* actionsandoutletsUITests.swift */ = {isa = PBXFileReference; lastKnownFileType = sourcecode.swift; path = actionsandoutletsUITests.swift; sourceTree = "<group>"; };
		18ED53B222FC909D00293CCF /* Info.plist */ = {isa = PBXFileReference; lastKnownFileType = text.plist.xml; path = Info.plist; sourceTree = "<group>"; };
/* End PBXFileReference section */

/* Begin PBXFrameworksBuildPhase section */
		18ED538A22FC909A00293CCF /* Frameworks */ = {
			isa = PBXFrameworksBuildPhase;
			buildActionMask = 2147483647;
			files = (
			);
			runOnlyForDeploymentPostprocessing = 0;
		};
		18ED539E22FC909D00293CCF /* Frameworks */ = {
			isa = PBXFrameworksBuildPhase;
			buildActionMask = 2147483647;
			files = (
			);
			runOnlyForDeploymentPostprocessing = 0;
		};
		18ED53A922FC909D00293CCF /* Frameworks */ = {
			isa = PBXFrameworksBuildPhase;
			buildActionMask = 2147483647;
			files = (
			);
			runOnlyForDeploymentPostprocessing = 0;
		};
/* End PBXFrameworksBuildPhase section */

/* Begin PBXGroup section */
		18ED538422FC909A00293CCF = {
			isa = PBXGroup;
			children = (
				18ED538F22FC909A00293CCF /* actionsandoutlets */,
				18ED53A422FC909D00293CCF /* actionsandoutletsTests */,
				18ED53AF22FC909D00293CCF /* actionsandoutletsUITests */,
				18ED538E22FC909A00293CCF /* Products */,
			);
			sourceTree = "<group>";
		};
		18ED538E22FC909A00293CCF /* Products */ = {
			isa = PBXGroup;
			children = (
				18ED538D22FC909A00293CCF /* actionsandoutlets.app */,
				18ED53A122FC909D00293CCF /* actionsandoutletsTests.xctest */,
				18ED53AC22FC909D00293CCF /* actionsandoutletsUITests.xctest */,
			);
			name = Products;
			sourceTree = "<group>";
		};
		18ED538F22FC909A00293CCF /* actionsandoutlets */ = {
			isa = PBXGroup;
			children = (
				18ED539022FC909A00293CCF /* AppDelegate.swift */,
				18ED539222FC909A00293CCF /* ViewController.swift */,
				18ED539422FC909A00293CCF /* Main.storyboard */,
				18ED539722FC909D00293CCF /* Assets.xcassets */,
				18ED539922FC909D00293CCF /* LaunchScreen.storyboard */,
				18ED539C22FC909D00293CCF /* Info.plist */,
			);
			path = actionsandoutlets;
			sourceTree = "<group>";
		};
		18ED53A422FC909D00293CCF /* actionsandoutletsTests */ = {
			isa = PBXGroup;
			children = (
				18ED53A522FC909D00293CCF /* actionsandoutletsTests.swift */,
				18ED53A722FC909D00293CCF /* Info.plist */,
			);
			path = actionsandoutletsTests;
			sourceTree = "<group>";
		};
		18ED53AF22FC909D00293CCF /* actionsandoutletsUITests */ = {
			isa = PBXGroup;
			children = (
				18ED53B022FC909D00293CCF /* actionsandoutletsUITests.swift */,
				18ED53B222FC909D00293CCF /* Info.plist */,
			);
			path = actionsandoutletsUITests;
			sourceTree = "<group>";
		};
/* End PBXGroup section */

/* Begin PBXNativeTarget section */
		18ED538C22FC909A00293CCF /* actionsandoutlets */ = {
			isa = PBXNativeTarget;
			buildConfigurationList = 18ED53B522FC909D00293CCF /* Build configuration list for PBXNativeTarget "actionsandoutlets" */;
			buildPhases = (
				18ED538922FC909A00293CCF /* Sources */,
				18ED538A22FC909A00293CCF /* Frameworks */,
				18ED538B22FC909A00293CCF /* Resources */,
			);
			buildRules = (
			);
			dependencies = (
			);
			name = actionsandoutlets;
			productName = actionsandoutlets;
			productReference = 18ED538D22FC909A00293CCF /* actionsandoutlets.app */;
			productType = "com.apple.product-type.application";
		};
		18ED53A022FC909D00293CCF /* actionsandoutletsTests */ = {
			isa = PBXNativeTarget;
			buildConfigurationList = 18ED53B822FC909D00293CCF /* Build configuration list for PBXNativeTarget "actionsandoutletsTests" */;
			buildPhases = (
				18ED539D22FC909D00293CCF /* Sources */,
				18ED539E22FC909D00293CCF /* Frameworks */,
				18ED539F22FC909D00293CCF /* Resources */,
			);
			buildRules = (
			);
			dependencies = (
				18ED53A322FC909D00293CCF /* PBXTargetDependency */,
			);
			name = actionsandoutletsTests;
			productName = actionsandoutletsTests;
			productReference = 18ED53A122FC909D00293CCF /* actionsandoutletsTests.xctest */;
			productType = "com.apple.product-type.bundle.unit-test";
		};
		18ED53AB22FC909D00293CCF /* actionsandoutletsUITests */ = {
			isa = PBXNativeTarget;
			buildConfigurationList = 18ED53BB22FC909D00293CCF /* Build configuration list for PBXNativeTarget "actionsandoutletsUITests" */;
			buildPhases = (
				18ED53A822FC909D00293CCF /* Sources */,
				18ED53A922FC909D00293CCF /* Frameworks */,
				18ED53AA22FC909D00293CCF /* Resources */,
			);
			buildRules = (
			);
			dependencies = (
				18ED53AE22FC909D00293CCF /* PBXTargetDependency */,
			);
			name = actionsandoutletsUITests;
			productName = actionsandoutletsUITests;
			productReference = 18ED53AC22FC909D00293CCF /* actionsandoutletsUITests.xctest */;
			productType = "com.apple.product-type.bundle.ui-testing";
		};
/* End PBXNativeTarget section */

/* Begin PBXProject section */
		18ED538522FC909A00293CCF /* Project object */ = {
			isa = PBXProject;
			attributes = {
				LastSwiftUpdateCheck = 1020;
				LastUpgradeCheck = 1020;
				ORGANIZATIONNAME = Apple;
				TargetAttributes = {
					18ED538C22FC909A00293CCF = {
						CreatedOnToolsVersion = 10.2.1;
					};
					18ED53A022FC909D00293CCF = {
						CreatedOnToolsVersion = 10.2.1;
						TestTargetID = 18ED538C22FC909A00293CCF;
					};
					18ED53AB22FC909D00293CCF = {
						CreatedOnToolsVersion = 10.2.1;
						TestTargetID = 18ED538C22FC909A00293CCF;
					};
				};
			};
			buildConfigurationList = 18ED538822FC909A00293CCF /* Build configuration list for PBXProject "actionsandoutlets" */;
			compatibilityVersion = "Xcode 9.3";
			developmentRegion = en;
			hasScannedForEncodings = 0;
			knownRegions = (
				en,
				Base,
			);
			mainGroup = 18ED538422FC909A00293CCF;
			productRefGroup = 18ED538E22FC909A00293CCF /* Products */;
			projectDirPath = "";
			projectRoot = "";
			targets = (
				18ED538C22FC909A00293CCF /* actionsandoutlets */,
				18ED53A022FC909D00293CCF /* actionsandoutletsTests */,
				18ED53AB22FC909D00293CCF /* actionsandoutletsUITests */,
			);
		};
/* End PBXProject section */

/* Begin PBXResourcesBuildPhase section */
		18ED538B22FC909A00293CCF /* Resources */ = {
			isa = PBXResourcesBuildPhase;
			buildActionMask = 2147483647;
			files = (
				18ED539B22FC909D00293CCF /* LaunchScreen.storyboard in Resources */,
				18ED539822FC909D00293CCF /* Assets.xcassets in Resources */,
				18ED539622FC909A00293CCF /* Main.storyboard in Resources */,
			);
			runOnlyForDeploymentPostprocessing = 0;
		};
		18ED539F22FC909D00293CCF /* Resources */ = {
			isa = PBXResourcesBuildPhase;
			buildActionMask = 2147483647;
			files = (
			);
			runOnlyForDeploymentPostprocessing = 0;
		};
		18ED53AA22FC909D00293CCF /* Resources */ = {
			isa = PBXResourcesBuildPhase;
			buildActionMask = 2147483647;
			files = (
			);
			runOnlyForDeploymentPostprocessing = 0;
		};
/* End PBXResourcesBuildPhase section */

/* Begin PBXSourcesBuildPhase section */
		18ED538922FC909A00293CCF /* Sources */ = {
			isa = PBXSourcesBuildPhase;
			buildActionMask = 2147483647;
			files = (
				18ED539322FC909A00293CCF /* ViewController.swift in Sources */,
				18ED539122FC909A00293CCF /* AppDelegate.swift in Sources */,
			);
			runOnlyForDeploymentPostprocessing = 0;
		};
		18ED539D22FC909D00293CCF /* Sources */ = {
			isa = PBXSourcesBuildPhase;
			buildActionMask = 2147483647;
			files = (
				18ED53A622FC909D00293CCF /* actionsandoutletsTests.swift in Sources */,
			);
			runOnlyForDeploymentPostprocessing = 0;
		};
		18ED53A822FC909D00293CCF /* Sources */ = {
			isa = PBXSourcesBuildPhase;
			buildActionMask = 2147483647;
			files = (
				18ED53B122FC909D00293CCF /* actionsandoutletsUITests.swift in Sources */,
			);
			runOnlyForDeploymentPostprocessing = 0;
		};
/* End PBXSourcesBuildPhase section */

/* Begin PBXTargetDependency section */
		18ED53A322FC909D00293CCF /* PBXTargetDependency */ = {
			isa = PBXTargetDependency;
			target = 18ED538C22FC909A00293CCF /* actionsandoutlets */;
			targetProxy = 18ED53A222FC909D00293CCF /* PBXContainerItemProxy */;
		};
		18ED53AE22FC909D00293CCF /* PBXTargetDependency */ = {
			isa = PBXTargetDependency;
			target = 18ED538C22FC909A00293CCF /* actionsandoutlets */;
			targetProxy = 18ED53AD22FC909D00293CCF /* PBXContainerItemProxy */;
		};
/* End PBXTargetDependency section */

/* Begin PBXVariantGroup section */
		18ED539422FC909A00293CCF /* Main.storyboard */ = {
			isa = PBXVariantGroup;
			children = (
				18ED539522FC909A00293CCF /* Base */,
			);
			name = Main.storyboard;
			sourceTree = "<group>";
		};
		18ED539922FC909D00293CCF /* LaunchScreen.storyboard */ = {
			isa = PBXVariantGroup;
			children = (
				18ED539A22FC909D00293CCF /* Base */,
			);
			name = LaunchScreen.storyboard;
			sourceTree = "<group>";
		};
/* End PBXVariantGroup section */

/* Begin XCBuildConfiguration section */
		18ED53B322FC909D00293CCF /* Debug */ = {
			isa = XCBuildConfiguration;
			buildSettings = {
				ALWAYS_SEARCH_USER_PATHS = NO;
				CLANG_ANALYZER_NONNULL = YES;
				CLANG_ANALYZER_NUMBER_OBJECT_CONVERSION = YES_AGGRESSIVE;
				CLANG_CXX_LANGUAGE_STANDARD = "gnu++14";
				CLANG_CXX_LIBRARY = "libc++";
				CLANG_ENABLE_MODULES = YES;
				CLANG_ENABLE_OBJC_ARC = YES;
				CLANG_ENABLE_OBJC_WEAK = YES;
				CLANG_WARN_BLOCK_CAPTURE_AUTORELEASING = YES;
				CLANG_WARN_BOOL_CONVERSION = YES;
				CLANG_WARN_COMMA = YES;
				CLANG_WARN_CONSTANT_CONVERSION = YES;
				CLANG_WARN_DEPRECATED_OBJC_IMPLEMENTATIONS = YES;
				CLANG_WARN_DIRECT_OBJC_ISA_USAGE = YES_ERROR;
				CLANG_WARN_DOCUMENTATION_COMMENTS = YES;
				CLANG_WARN_EMPTY_BODY = YES;
				CLANG_WARN_ENUM_CONVERSION = YES;
				CLANG_WARN_INFINITE_RECURSION = YES;
				CLANG_WARN_INT_CONVERSION = YES;
				CLANG_WARN_NON_LITERAL_NULL_CONVERSION = YES;
				CLANG_WARN_OBJC_IMPLICIT_RETAIN_SELF = YES;
				CLANG_WARN_OBJC_LITERAL_CONVERSION = YES;
				CLANG_WARN_OBJC_ROOT_CLASS = YES_ERROR;
				CLANG_WARN_RANGE_LOOP_ANALYSIS = YES;
				CLANG_WARN_STRICT_PROTOTYPES = YES;
				CLANG_WARN_SUSPICIOUS_MOVE = YES;
				CLANG_WARN_UNGUARDED_AVAILABILITY = YES_AGGRESSIVE;
				CLANG_WARN_UNREACHABLE_CODE = YES;
				CLANG_WARN__DUPLICATE_METHOD_MATCH = YES;
				CODE_SIGN_IDENTITY = "iPhone Developer";
				COPY_PHASE_STRIP = NO;
				DEBUG_INFORMATION_FORMAT = dwarf;
				ENABLE_STRICT_OBJC_MSGSEND = YES;
				ENABLE_TESTABILITY = YES;
				GCC_C_LANGUAGE_STANDARD = gnu11;
				GCC_DYNAMIC_NO_PIC = NO;
				GCC_NO_COMMON_BLOCKS = YES;
				GCC_OPTIMIZATION_LEVEL = 0;
				GCC_PREPROCESSOR_DEFINITIONS = (
					"DEBUG=1",
					"$(inherited)",
				);
				GCC_WARN_64_TO_32_BIT_CONVERSION = YES;
				GCC_WARN_ABOUT_RETURN_TYPE = YES_ERROR;
				GCC_WARN_UNDECLARED_SELECTOR = YES;
				GCC_WARN_UNINITIALIZED_AUTOS = YES_AGGRESSIVE;
				GCC_WARN_UNUSED_FUNCTION = YES;
				GCC_WARN_UNUSED_VARIABLE = YES;
				IPHONEOS_DEPLOYMENT_TARGET = 12.2;
				MTL_ENABLE_DEBUG_INFO = INCLUDE_SOURCE;
				MTL_FAST_MATH = YES;
				ONLY_ACTIVE_ARCH = YES;
				SDKROOT = iphoneos;
				SWIFT_ACTIVE_COMPILATION_CONDITIONS = DEBUG;
				SWIFT_OPTIMIZATION_LEVEL = "-Onone";
			};
			name = Debug;
		};
		18ED53B422FC909D00293CCF /* Release */ = {
			isa = XCBuildConfiguration;
			buildSettings = {
				ALWAYS_SEARCH_USER_PATHS = NO;
				CLANG_ANALYZER_NONNULL = YES;
				CLANG_ANALYZER_NUMBER_OBJECT_CONVERSION = YES_AGGRESSIVE;
				CLANG_CXX_LANGUAGE_STANDARD = "gnu++14";
				CLANG_CXX_LIBRARY = "libc++";
				CLANG_ENABLE_MODULES = YES;
				CLANG_ENABLE_OBJC_ARC = YES;
				CLANG_ENABLE_OBJC_WEAK = YES;
				CLANG_WARN_BLOCK_CAPTURE_AUTORELEASING = YES;
				CLANG_WARN_BOOL_CONVERSION = YES;
				CLANG_WARN_COMMA = YES;
				CLANG_WARN_CONSTANT_CONVERSION = YES;
				CLANG_WARN_DEPRECATED_OBJC_IMPLEMENTATIONS = YES;
				CLANG_WARN_DIRECT_OBJC_ISA_USAGE = YES_ERROR;
				CLANG_WARN_DOCUMENTATION_COMMENTS = YES;
				CLANG_WARN_EMPTY_BODY = YES;
				CLANG_WARN_ENUM_CONVERSION = YES;
				CLANG_WARN_INFINITE_RECURSION = YES;
				CLANG_WARN_INT_CONVERSION = YES;
				CLANG_WARN_NON_LITERAL_NULL_CONVERSION = YES;
				CLANG_WARN_OBJC_IMPLICIT_RETAIN_SELF = YES;
				CLANG_WARN_OBJC_LITERAL_CONVERSION = YES;
				CLANG_WARN_OBJC_ROOT_CLASS = YES_ERROR;
				CLANG_WARN_RANGE_LOOP_ANALYSIS = YES;
				CLANG_WARN_STRICT_PROTOTYPES = YES;
				CLANG_WARN_SUSPICIOUS_MOVE = YES;
				CLANG_WARN_UNGUARDED_AVAILABILITY = YES_AGGRESSIVE;
				CLANG_WARN_UNREACHABLE_CODE = YES;
				CLANG_WARN__DUPLICATE_METHOD_MATCH = YES;
				CODE_SIGN_IDENTITY = "iPhone Developer";
				COPY_PHASE_STRIP = NO;
				DEBUG_INFORMATION_FORMAT = "dwarf-with-dsym";
				ENABLE_NS_ASSERTIONS = NO;
				ENABLE_STRICT_OBJC_MSGSEND = YES;
				GCC_C_LANGUAGE_STANDARD = gnu11;
				GCC_NO_COMMON_BLOCKS = YES;
				GCC_WARN_64_TO_32_BIT_CONVERSION = YES;
				GCC_WARN_ABOUT_RETURN_TYPE = YES_ERROR;
				GCC_WARN_UNDECLARED_SELECTOR = YES;
				GCC_WARN_UNINITIALIZED_AUTOS = YES_AGGRESSIVE;
				GCC_WARN_UNUSED_FUNCTION = YES;
				GCC_WARN_UNUSED_VARIABLE = YES;
				IPHONEOS_DEPLOYMENT_TARGET = 12.2;
				MTL_ENABLE_DEBUG_INFO = NO;
				MTL_FAST_MATH = YES;
				SDKROOT = iphoneos;
				SWIFT_COMPILATION_MODE = wholemodule;
				SWIFT_OPTIMIZATION_LEVEL = "-O";
				VALIDATE_PRODUCT = YES;
			};
			name = Release;
		};
		18ED53B622FC909D00293CCF /* Debug */ = {
			isa = XCBuildConfiguration;
			buildSettings = {
				ASSETCATALOG_COMPILER_APPICON_NAME = AppIcon;
				CODE_SIGN_STYLE = Automatic;
				INFOPLIST_FILE = actionsandoutlets/Info.plist;
				LD_RUNPATH_SEARCH_PATHS = (
					"$(inherited)",
					"@executable_path/Frameworks",
				);
				PRODUCT_BUNDLE_IDENTIFIER = Morgan.actionsandoutlets;
				PRODUCT_NAME = "$(TARGET_NAME)";
				SWIFT_VERSION = 5.0;
				TARGETED_DEVICE_FAMILY = "1,2";
			};
			name = Debug;
		};
		18ED53B722FC909D00293CCF /* Release */ = {
			isa = XCBuildConfiguration;
			buildSettings = {
				ASSETCATALOG_COMPILER_APPICON_NAME = AppIcon;
				CODE_SIGN_STYLE = Automatic;
				INFOPLIST_FILE = actionsandoutlets/Info.plist;
				LD_RUNPATH_SEARCH_PATHS = (
					"$(inherited)",
					"@executable_path/Frameworks",
				);
				PRODUCT_BUNDLE_IDENTIFIER = Morgan.actionsandoutlets;
				PRODUCT_NAME = "$(TARGET_NAME)";
				SWIFT_VERSION = 5.0;
				TARGETED_DEVICE_FAMILY = "1,2";
			};
			name = Release;
		};
		18ED53B922FC909D00293CCF /* Debug */ = {
			isa = XCBuildConfiguration;
			buildSettings = {
				ALWAYS_EMBED_SWIFT_STANDARD_LIBRARIES = YES;
				BUNDLE_LOADER = "$(TEST_HOST)";
				CODE_SIGN_STYLE = Automatic;
				INFOPLIST_FILE = actionsandoutletsTests/Info.plist;
				LD_RUNPATH_SEARCH_PATHS = (
					"$(inherited)",
					"@executable_path/Frameworks",
					"@loader_path/Frameworks",
				);
				PRODUCT_BUNDLE_IDENTIFIER = Morgan.actionsandoutletsTests;
				PRODUCT_NAME = "$(TARGET_NAME)";
				SWIFT_VERSION = 5.0;
				TARGETED_DEVICE_FAMILY = "1,2";
				TEST_HOST = "$(BUILT_PRODUCTS_DIR)/actionsandoutlets.app/actionsandoutlets";
			};
			name = Debug;
		};
		18ED53BA22FC909D00293CCF /* Release */ = {
			isa = XCBuildConfiguration;
			buildSettings = {
				ALWAYS_EMBED_SWIFT_STANDARD_LIBRARIES = YES;
				BUNDLE_LOADER = "$(TEST_HOST)";
				CODE_SIGN_STYLE = Automatic;
				INFOPLIST_FILE = actionsandoutletsTests/Info.plist;
				LD_RUNPATH_SEARCH_PATHS = (
					"$(inherited)",
					"@executable_path/Frameworks",
					"@loader_path/Frameworks",
				);
				PRODUCT_BUNDLE_IDENTIFIER = Morgan.actionsandoutletsTests;
				PRODUCT_NAME = "$(TARGET_NAME)";
				SWIFT_VERSION = 5.0;
				TARGETED_DEVICE_FAMILY = "1,2";
				TEST_HOST = "$(BUILT_PRODUCTS_DIR)/actionsandoutlets.app/actionsandoutlets";
			};
			name = Release;
		};
		18ED53BC22FC909D00293CCF /* Debug */ = {
			isa = XCBuildConfiguration;
			buildSettings = {
				ALWAYS_EMBED_SWIFT_STANDARD_LIBRARIES = YES;
				CODE_SIGN_STYLE = Automatic;
				INFOPLIST_FILE = actionsandoutletsUITests/Info.plist;
				LD_RUNPATH_SEARCH_PATHS = (
					"$(inherited)",
					"@executable_path/Frameworks",
					"@loader_path/Frameworks",
				);
				PRODUCT_BUNDLE_IDENTIFIER = Morgan.actionsandoutletsUITests;
				PRODUCT_NAME = "$(TARGET_NAME)";
				SWIFT_VERSION = 5.0;
				TARGETED_DEVICE_FAMILY = "1,2";
				TEST_TARGET_NAME = actionsandoutlets;
			};
			name = Debug;
		};
		18ED53BD22FC909D00293CCF /* Release */ = {
			isa = XCBuildConfiguration;
			buildSettings = {
				ALWAYS_EMBED_SWIFT_STANDARD_LIBRARIES = YES;
				CODE_SIGN_STYLE = Automatic;
				INFOPLIST_FILE = actionsandoutletsUITests/Info.plist;
				LD_RUNPATH_SEARCH_PATHS = (
					"$(inherited)",
					"@executable_path/Frameworks",
					"@loader_path/Frameworks",
				);
				PRODUCT_BUNDLE_IDENTIFIER = Morgan.actionsandoutletsUITests;
				PRODUCT_NAME = "$(TARGET_NAME)";
				SWIFT_VERSION = 5.0;
				TARGETED_DEVICE_FAMILY = "1,2";
				TEST_TARGET_NAME = actionsandoutlets;
			};
			name = Release;
		};
/* End XCBuildConfiguration section */

/* Begin XCConfigurationList section */
		18ED538822FC909A00293CCF /* Build configuration list for PBXProject "actionsandoutlets" */ = {
			isa = XCConfigurationList;
			buildConfigurations = (
				18ED53B322FC909D00293CCF /* Debug */,
				18ED53B422FC909D00293CCF /* Release */,
			);
			defaultConfigurationIsVisible = 0;
			defaultConfigurationName = Release;
		};
		18ED53B522FC909D00293CCF /* Build configuration list for PBXNativeTarget "actionsandoutlets" */ = {
			isa = XCConfigurationList;
			buildConfigurations = (
				18ED53B622FC909D00293CCF /* Debug */,
				18ED53B722FC909D00293CCF /* Release */,
			);
			defaultConfigurationIsVisible = 0;
			defaultConfigurationName = Release;
		};
		18ED53B822FC909D00293CCF /* Build configuration list for PBXNativeTarget "actionsandoutletsTests" */ = {
			isa = XCConfigurationList;
			buildConfigurations = (
				18ED53B922FC909D00293CCF /* Debug */,
				18ED53BA22FC909D00293CCF /* Release */,
			);
			defaultConfigurationIsVisible = 0;
			defaultConfigurationName = Release;
		};
		18ED53BB22FC909D00293CCF /* Build configuration list for PBXNativeTarget "actionsandoutletsUITests" */ = {
			isa = XCConfigurationList;
			buildConfigurations = (
				18ED53BC22FC909D00293CCF /* Debug */,
				18ED53BD22FC909D00293CCF /* Release */,
			);
			defaultConfigurationIsVisible = 0;
			defaultConfigurationName = Release;
		};
/* End XCConfigurationList section */
	};
	rootObject = 18ED538522FC909A00293CCF /* Project object */;
}
